
Microsoft Visual Studio Solution File, Format Version 12.00
# Visual Studio Version 17
VisualStudioVersion = 17.0.31903.59
MinimumVisualStudioVersion = 10.0.40219.1
Project("{2150E333-8FDC-42A3-9474-1A3956D46DE8}") = "src", "src", "{827E0CD3-B72D-47B6-A68D-7590B98EB39B}"
EndProject
Project("{FAE04EC0-301F-11D3-BF4B-00C04F79EFBC}") = "CliSharp.Domain", "src\CliSharp.Domain\CliSharp.Domain.csproj", "{E6FE4EF9-DBA8-48C9-A95E-09474B4FDFBD}"
EndProject
Project("{FAE04EC0-301F-11D3-BF4B-00C04F79EFBC}") = "CliSharp.Application", "src\CliSharp.Application\CliSharp.Application.csproj", "{74A18F64-36BE-4663-9C0A-C14DC1607728}"
EndProject
Project("{FAE04EC0-301F-11D3-BF4B-00C04F79EFBC}") = "CliSharp.Infrastructure", "src\CliSharp.Infrastructure\CliSharp.Infrastructure.csproj", "{BAF66E80-B2DA-4B3B-8DF4-4E3ECFF77242}"
EndProject
Project("{FAE04EC0-301F-11D3-BF4B-00C04F79EFBC}") = "CliSharp.UI", "src\CliSharp.UI\CliSharp.UI.csproj", "{545DC96B-05CD-4983-B7AC-C13F16B21B38}"
EndProject
Project("{FAE04EC0-301F-11D3-BF4B-00C04F79EFBC}") = "CliSharp.Tests.Unit", "tests\CliSharp.Tests.Unit\CliSharp.Tests.Unit.csproj", "{49B2D87E-6533-4654-962A-5D51990CAE7F}"
EndProject
Project("{FAE04EC0-301F-11D3-BF4B-00C04F79EFBC}") = "CliSharp.Tests.Integration", "tests\CliSharp.Tests.Integration\CliSharp.Tests.Integration.csproj", "{F8CB279A-E3E5-4B36-ABF4-1C2F43969844}"
EndProject
Global
	GlobalSection(SolutionConfigurationPlatforms) = preSolution
		Debug|Any CPU = Debug|Any CPU
		Debug|x64 = Debug|x64
		Debug|x86 = Debug|x86
		Release|Any CPU = Release|Any CPU
		Release|x64 = Release|x64
		Release|x86 = Release|x86
	EndGlobalSection
	GlobalSection(ProjectConfigurationPlatforms) = postSolution
		{E6FE4EF9-DBA8-48C9-A95E-09474B4FDFBD}.Debug|Any CPU.ActiveCfg = Debug|Any CPU
		{E6FE4EF9-DBA8-48C9-A95E-09474B4FDFBD}.Debug|Any CPU.Build.0 = Debug|Any CPU
		{E6FE4EF9-DBA8-48C9-A95E-09474B4FDFBD}.Debug|x64.ActiveCfg = Debug|Any CPU
		{E6FE4EF9-DBA8-48C9-A95E-09474B4FDFBD}.Debug|x64.Build.0 = Debug|Any CPU
		{E6FE4EF9-DBA8-48C9-A95E-09474B4FDFBD}.Debug|x86.ActiveCfg = Debug|Any CPU
		{E6FE4EF9-DBA8-48C9-A95E-09474B4FDFBD}.Debug|x86.Build.0 = Debug|Any CPU
		{E6FE4EF9-DBA8-48C9-A95E-09474B4FDFBD}.Release|Any CPU.ActiveCfg = Release|Any CPU
		{E6FE4EF9-DBA8-48C9-A95E-09474B4FDFBD}.Release|Any CPU.Build.0 = Release|Any CPU
		{E6FE4EF9-DBA8-48C9-A95E-09474B4FDFBD}.Release|x64.ActiveCfg = Release|Any CPU
		{E6FE4EF9-DBA8-48C9-A95E-09474B4FDFBD}.Release|x64.Build.0 = Release|Any CPU
		{E6FE4EF9-DBA8-48C9-A95E-09474B4FDFBD}.Release|x86.ActiveCfg = Release|Any CPU
		{E6FE4EF9-DBA8-48C9-A95E-09474B4FDFBD}.Release|x86.Build.0 = Release|Any CPU
		{74A18F64-36BE-4663-9C0A-C14DC1607728}.Debug|Any CPU.ActiveCfg = Debug|Any CPU
		{74A18F64-36BE-4663-9C0A-C14DC1607728}.Debug|Any CPU.Build.0 = Debug|Any CPU
		{74A18F64-36BE-4663-9C0A-C14DC1607728}.Debug|x64.ActiveCfg = Debug|Any CPU
		{74A18F64-36BE-4663-9C0A-C14DC1607728}.Debug|x64.Build.0 = Debug|Any CPU
		{74A18F64-36BE-4663-9C0A-C14DC1607728}.Debug|x86.ActiveCfg = Debug|Any CPU
		{74A18F64-36BE-4663-9C0A-C14DC1607728}.Debug|x86.Build.0 = Debug|Any CPU
		{74A18F64-36BE-4663-9C0A-C14DC1607728}.Release|Any CPU.ActiveCfg = Release|Any CPU
		{74A18F64-36BE-4663-9C0A-C14DC1607728}.Release|Any CPU.Build.0 = Release|Any CPU
		{74A18F64-36BE-4663-9C0A-C14DC1607728}.Release|x64.ActiveCfg = Release|Any CPU
		{74A18F64-36BE-4663-9C0A-C14DC1607728}.Release|x64.Build.0 = Release|Any CPU
		{74A18F64-36BE-4663-9C0A-C14DC1607728}.Release|x86.ActiveCfg = Release|Any CPU
		{74A18F64-36BE-4663-9C0A-C14DC1607728}.Release|x86.Build.0 = Release|Any CPU
		{BAF66E80-B2DA-4B3B-8DF4-4E3ECFF77242}.Debug|Any CPU.ActiveCfg = Debug|Any CPU
		{BAF66E80-B2DA-4B3B-8DF4-4E3ECFF77242}.Debug|Any CPU.Build.0 = Debug|Any CPU
		{BAF66E80-B2DA-4B3B-8DF4-4E3ECFF77242}.Debug|x64.ActiveCfg = Debug|Any CPU
		{BAF66E80-B2DA-4B3B-8DF4-4E3ECFF77242}.Debug|x64.Build.0 = Debug|Any CPU
		{BAF66E80-B2DA-4B3B-8DF4-4E3ECFF77242}.Debug|x86.ActiveCfg = Debug|Any CPU
		{BAF66E80-B2DA-4B3B-8DF4-4E3ECFF77242}.Debug|x86.Build.0 = Debug|Any CPU
		{BAF66E80-B2DA-4B3B-8DF4-4E3ECFF77242}.Release|Any CPU.ActiveCfg = Release|Any CPU
		{BAF66E80-B2DA-4B3B-8DF4-4E3ECFF77242}.Release|Any CPU.Build.0 = Release|Any CPU
		{BAF66E80-B2DA-4B3B-8DF4-4E3ECFF77242}.Release|x64.ActiveCfg = Release|Any CPU
		{BAF66E80-B2DA-4B3B-8DF4-4E3ECFF77242}.Release|x64.Build.0 = Release|Any CPU
		{BAF66E80-B2DA-4B3B-8DF4-4E3ECFF77242}.Release|x86.ActiveCfg = Release|Any CPU
		{BAF66E80-B2DA-4B3B-8DF4-4E3ECFF77242}.Release|x86.Build.0 = Release|Any CPU
		{545DC96B-05CD-4983-B7AC-C13F16B21B38}.Debug|Any CPU.ActiveCfg = Debug|Any CPU
		{545DC96B-05CD-4983-B7AC-C13F16B21B38}.Debug|Any CPU.Build.0 = Debug|Any CPU
		{545DC96B-05CD-4983-B7AC-C13F16B21B38}.Debug|x64.ActiveCfg = Debug|Any CPU
		{545DC96B-05CD-4983-B7AC-C13F16B21B38}.Debug|x64.Build.0 = Debug|Any CPU
		{545DC96B-05CD-4983-B7AC-C13F16B21B38}.Debug|x86.ActiveCfg = Debug|Any CPU
		{545DC96B-05CD-4983-B7AC-C13F16B21B38}.Debug|x86.Build.0 = Debug|Any CPU
		{545DC96B-05CD-4983-B7AC-C13F16B21B38}.Release|Any CPU.ActiveCfg = Release|Any CPU
		{545DC96B-05CD-4983-B7AC-C13F16B21B38}.Release|Any CPU.Build.0 = Release|Any CPU
		{545DC96B-05CD-4983-B7AC-C13F16B21B38}.Release|x64.ActiveCfg = Release|Any CPU
		{545DC96B-05CD-4983-B7AC-C13F16B21B38}.Release|x64.Build.0 = Release|Any CPU
		{545DC96B-05CD-4983-B7AC-C13F16B21B38}.Release|x86.ActiveCfg = Release|Any CPU
		{545DC96B-05CD-4983-B7AC-C13F16B21B38}.Release|x86.Build.0 = Release|Any CPU
		{49B2D87E-6533-4654-962A-5D51990CAE7F}.Debug|Any CPU.ActiveCfg = Debug|Any CPU
		{49B2D87E-6533-4654-962A-5D51990CAE7F}.Debug|Any CPU.Build.0 = Debug|Any CPU
		{49B2D87E-6533-4654-962A-5D51990CAE7F}.Debug|x64.ActiveCfg = Debug|Any CPU
		{49B2D87E-6533-4654-962A-5D51990CAE7F}.Debug|x64.Build.0 = Debug|Any CPU
		{49B2D87E-6533-4654-962A-5D51990CAE7F}.Debug|x86.ActiveCfg = Debug|Any CPU
		{49B2D87E-6533-4654-962A-5D51990CAE7F}.Debug|x86.Build.0 = Debug|Any CPU
		{49B2D87E-6533-4654-962A-5D51990CAE7F}.Release|Any CPU.ActiveCfg = Release|Any CPU
		{49B2D87E-6533-4654-962A-5D51990CAE7F}.Release|Any CPU.Build.0 = Release|Any CPU
		{49B2D87E-6533-4654-962A-5D51990CAE7F}.Release|x64.ActiveCfg = Release|Any CPU
		{49B2D87E-6533-4654-962A-5D51990CAE7F}.Release|x64.Build.0 = Release|Any CPU
		{49B2D87E-6533-4654-962A-5D51990CAE7F}.Release|x86.ActiveCfg = Release|Any CPU
		{49B2D87E-6533-4654-962A-5D51990CAE7F}.Release|x86.Build.0 = Release|Any CPU
		{F8CB279A-E3E5-4B36-ABF4-1C2F43969844}.Debug|Any CPU.ActiveCfg = Debug|Any CPU
		{F8CB279A-E3E5-4B36-ABF4-1C2F43969844}.Debug|Any CPU.Build.0 = Debug|Any CPU
		{F8CB279A-E3E5-4B36-ABF4-1C2F43969844}.Debug|x64.ActiveCfg = Debug|Any CPU
		{F8CB279A-E3E5-4B36-ABF4-1C2F43969844}.Debug|x64.Build.0 = Debug|Any CPU
		{F8CB279A-E3E5-4B36-ABF4-1C2F43969844}.Debug|x86.ActiveCfg = Debug|Any CPU
		{F8CB279A-E3E5-4B36-ABF4-1C2F43969844}.Debug|x86.Build.0 = Debug|Any CPU
		{F8CB279A-E3E5-4B36-ABF4-1C2F43969844}.Release|Any CPU.ActiveCfg = Release|Any CPU
		{F8CB279A-E3E5-4B36-ABF4-1C2F43969844}.Release|Any CPU.Build.0 = Release|Any CPU
		{F8CB279A-E3E5-4B36-ABF4-1C2F43969844}.Release|x64.ActiveCfg = Release|Any CPU
		{F8CB279A-E3E5-4B36-ABF4-1C2F43969844}.Release|x64.Build.0 = Release|Any CPU
		{F8CB279A-E3E5-4B36-ABF4-1C2F43969844}.Release|x86.ActiveCfg = Release|Any CPU
		{F8CB279A-E3E5-4B36-ABF4-1C2F43969844}.Release|x86.Build.0 = Release|Any CPU
	EndGlobalSection
	GlobalSection(SolutionProperties) = preSolution
		HideSolutionNode = FALSE
	EndGlobalSection
	GlobalSection(NestedProjects) = preSolution
		{E6FE4EF9-DBA8-48C9-A95E-09474B4FDFBD} = {827E0CD3-B72D-47B6-A68D-7590B98EB39B}
		{74A18F64-36BE-4663-9C0A-C14DC1607728} = {827E0CD3-B72D-47B6-A68D-7590B98EB39B}
		{BAF66E80-B2DA-4B3B-8DF4-4E3ECFF77242} = {827E0CD3-B72D-47B6-A68D-7590B98EB39B}
		{545DC96B-05CD-4983-B7AC-C13F16B21B38} = {827E0CD3-B72D-47B6-A68D-7590B98EB39B}
		{49B2D87E-6533-4654-962A-5D51990CAE7F} = {827E0CD3-B72D-47B6-A68D-7590B98EB39B}
		{F8CB279A-E3E5-4B36-ABF4-1C2F43969844} = {827E0CD3-B72D-47B6-A68D-7590B98EB39B}
	EndGlobalSection
EndGlobal
